
Microsoft Visual Studio Solution File, Format Version 12.00
# Visual Studio Version 17
VisualStudioVersion = 17.10.35013.160
MinimumVisualStudioVersion = 10.0.40219.1
Project("{9A19103F-16F7-4668-BE54-9A1E7A4F7556}") = "DependencyINjection", "ConstructorDI\DependencyINjection.csproj", "{EBA2EFCB-8392-497D-9FD7-9DD53CB2FA42}"
EndProject
Global
	GlobalSection(SolutionConfigurationPlatforms) = preSolution
		Debug|Any CPU = Debug|Any CPU
		Release|Any CPU = Release|Any CPU
	EndGlobalSection
	GlobalSection(ProjectConfigurationPlatforms) = postSolution
		{EBA2EFCB-8392-497D-9FD7-9DD53CB2FA42}.Debug|Any CPU.ActiveCfg = Debug|Any CPU
		{EBA2EFCB-8392-497D-9FD7-9DD53CB2FA42}.Debug|Any CPU.Build.0 = Debug|Any CPU
		{EBA2EFCB-8392-497D-9FD7-9DD53CB2FA42}.Release|Any CPU.ActiveCfg = Release|Any CPU
		{EBA2EFCB-8392-497D-9FD7-9DD53CB2FA42}.Release|Any CPU.Build.0 = Release|Any CPU
	EndGlobalSection
	GlobalSection(SolutionProperties) = preSolution
		HideSolutionNode = FALSE
	EndGlobalSection
	GlobalSection(ExtensibilityGlobals) = postSolution
		SolutionGuid = {D2CDD514-9EC6-409C-9353-C87617F89013}
	EndGlobalSection
EndGlobal
